# This file is automatically @generated by Cargo.
# It is not intended for manual editing.
version = 3

[[package]]
name = "music-analyzer"
version = "0.1.0"
dependencies = [
 "xml-rs",
]

[[package]]
name = "xml-rs"
version = "0.8.18"
source = "registry+https://github.com/rust-lang/crates.io-index"
checksum = "bab77e97b50aee93da431f2cee7cd0f43b4d1da3c408042f2d7d164187774f0a"
